{
  "name": "my-travel",
  "version": "1.0.0",
  "lockfileVersion": 1,
  "requires": true,
  "dependencies": {
    "miniprogram-api-typings": {
      "version": "3.3.0",
      "resolved": "https://registry.npmjs.org/miniprogram-api-typings/-/miniprogram-api-typings-3.3.0.tgz",
      "integrity": "sha512-WgwsHfIu62JNJIRYzuw4C5gF2ueE/w0ysni1AF/2J1XXLKHWklnyLGCgg8ZRDV781sP8MeaPzQmB+u3Yr08QRw==",
      "dev": true
    },
    "typescript": {
      "version": "4.1.3",
      "resolved": "https://registry.npmjs.org/typescript/-/typescript-4.1.3.tgz",
      "integrity": "sha512-B3ZIOf1IKeH2ixgHhj6la6xdwR9QrLC5d1VKeCSY4tvkqhF2eqd9O7txNlS0PO3GrBAFIdr3L1ndNwteUbZLYg=="
    },
    "weui-miniprogram": {
      "version": "1.1.0",
      "resolved": "https://registry.npmjs.org/weui-miniprogram/-/weui-miniprogram-1.1.0.tgz",
      "integrity": "sha512-YBGcXHwhQx5tNbLEFka0k+7THBU4Eb0OqpA4yqafGCZJSjb7uOJnu0Fc8Ajo4Op2B+RNV2jTn3zuhwEFjChj8A==",
      "dev": true
    }
  }
}
